
Microsoft Visual Studio Solution File, Format Version 12.00
# Visual Studio Version 17
VisualStudioVersion = 17.8.34525.116
MinimumVisualStudioVersion = 10.0.40219.1
Project("{8BC9CEB8-8B4A-11D0-8D11-00A0C91BC942}") = "OOP 1", "ооп.vcxproj", "{52B32C38-0D7D-4405-96DF-146194CC27C9}"
EndProject
Project("{8BC9CEB8-8B4A-11D0-8D11-00A0C91BC942}") = "OOP 3", "..\OOP 3\OOP 3.vcxproj", "{8A5CC30F-6AC7-426A-8138-6071958B2BBA}"
EndProject
Project("{8BC9CEB8-8B4A-11D0-8D11-00A0C91BC942}") = "OOP 4", "..\OOP 4\OOP 4.vcxproj", "{0A4EB02E-423D-4718-B2B7-B55EA7CABCBB}"
EndProject
Project("{8BC9CEB8-8B4A-11D0-8D11-00A0C91BC942}") = "OOP 5", "..\OOP 5\OOP 5.vcxproj", "{74CD1B19-01C9-41CE-BC6F-18DE19226FB0}"
EndProject
Project("{8BC9CEB8-8B4A-11D0-8D11-00A0C91BC942}") = "OOP 2", "..\OOP 2\OOP 2.vcxproj", "{113E04EE-8608-4946-B1DC-7F3801A7C89C}"
EndProject
Project("{8BC9CEB8-8B4A-11D0-8D11-00A0C91BC942}") = "OOP 6", "..\OOP 6\OOP 6.vcxproj", "{79A55135-380C-4255-8721-35DB094764F1}"
EndProject
Project("{8BC9CEB8-8B4A-11D0-8D11-00A0C91BC942}") = "OOP 7", "..\OOP 7\OOP 7.vcxproj", "{FABB4BEF-902F-4A7F-863E-154D59D35FF9}"
EndProject
Project("{8BC9CEB8-8B4A-11D0-8D11-00A0C91BC942}") = "OOP 8", "..\OOP 8\OOP 8.vcxproj", "{B9F27244-6E7B-49AA-8D4A-B1FA65296E11}"
EndProject
Project("{8BC9CEB8-8B4A-11D0-8D11-00A0C91BC942}") = "OOP 9", "..\OOP 9\OOP 9.vcxproj", "{83D9DD13-BAB0-4261-A0EA-2BBBD181A059}"
EndProject
Project("{8BC9CEB8-8B4A-11D0-8D11-00A0C91BC942}") = "OOP 10", "..\OOP 10\OOP 10.vcxproj", "{9E688520-1A9F-49FE-B94C-9FBBF122DF72}"
EndProject
Project("{8BC9CEB8-8B4A-11D0-8D11-00A0C91BC942}") = "OOP 11", "..\OOP 11\OOP 11.vcxproj", "{2B7ECFA0-4365-4B9B-B405-A8792C827F79}"
EndProject
Project("{8BC9CEB8-8B4A-11D0-8D11-00A0C91BC942}") = "OOP 12", "..\OOP 12\OOP 12.vcxproj", "{477B2721-73BD-4F6E-AA5D-BA3013B90CA6}"
EndProject
Global
	GlobalSection(SolutionConfigurationPlatforms) = preSolution
		Debug|x64 = Debug|x64
		Debug|x86 = Debug|x86
		Release|x64 = Release|x64
		Release|x86 = Release|x86
	EndGlobalSection
	GlobalSection(ProjectConfigurationPlatforms) = postSolution
		{52B32C38-0D7D-4405-96DF-146194CC27C9}.Debug|x64.ActiveCfg = Debug|x64
		{52B32C38-0D7D-4405-96DF-146194CC27C9}.Debug|x64.Build.0 = Debug|x64
		{52B32C38-0D7D-4405-96DF-146194CC27C9}.Debug|x86.ActiveCfg = Debug|Win32
		{52B32C38-0D7D-4405-96DF-146194CC27C9}.Debug|x86.Build.0 = Debug|Win32
		{52B32C38-0D7D-4405-96DF-146194CC27C9}.Release|x64.ActiveCfg = Release|x64
		{52B32C38-0D7D-4405-96DF-146194CC27C9}.Release|x64.Build.0 = Release|x64
		{52B32C38-0D7D-4405-96DF-146194CC27C9}.Release|x86.ActiveCfg = Release|Win32
		{52B32C38-0D7D-4405-96DF-146194CC27C9}.Release|x86.Build.0 = Release|Win32
		{8A5CC30F-6AC7-426A-8138-6071958B2BBA}.Debug|x64.ActiveCfg = Debug|x64
		{8A5CC30F-6AC7-426A-8138-6071958B2BBA}.Debug|x64.Build.0 = Debug|x64
		{8A5CC30F-6AC7-426A-8138-6071958B2BBA}.Debug|x86.ActiveCfg = Debug|Win32
		{8A5CC30F-6AC7-426A-8138-6071958B2BBA}.Debug|x86.Build.0 = Debug|Win32
		{8A5CC30F-6AC7-426A-8138-6071958B2BBA}.Release|x64.ActiveCfg = Release|x64
		{8A5CC30F-6AC7-426A-8138-6071958B2BBA}.Release|x64.Build.0 = Release|x64
		{8A5CC30F-6AC7-426A-8138-6071958B2BBA}.Release|x86.ActiveCfg = Release|Win32
		{8A5CC30F-6AC7-426A-8138-6071958B2BBA}.Release|x86.Build.0 = Release|Win32
		{0A4EB02E-423D-4718-B2B7-B55EA7CABCBB}.Debug|x64.ActiveCfg = Debug|x64
		{0A4EB02E-423D-4718-B2B7-B55EA7CABCBB}.Debug|x64.Build.0 = Debug|x64
		{0A4EB02E-423D-4718-B2B7-B55EA7CABCBB}.Debug|x86.ActiveCfg = Debug|Win32
		{0A4EB02E-423D-4718-B2B7-B55EA7CABCBB}.Debug|x86.Build.0 = Debug|Win32
		{0A4EB02E-423D-4718-B2B7-B55EA7CABCBB}.Release|x64.ActiveCfg = Release|x64
		{0A4EB02E-423D-4718-B2B7-B55EA7CABCBB}.Release|x64.Build.0 = Release|x64
		{0A4EB02E-423D-4718-B2B7-B55EA7CABCBB}.Release|x86.ActiveCfg = Release|Win32
		{0A4EB02E-423D-4718-B2B7-B55EA7CABCBB}.Release|x86.Build.0 = Release|Win32
		{74CD1B19-01C9-41CE-BC6F-18DE19226FB0}.Debug|x64.ActiveCfg = Debug|x64
		{74CD1B19-01C9-41CE-BC6F-18DE19226FB0}.Debug|x64.Build.0 = Debug|x64
		{74CD1B19-01C9-41CE-BC6F-18DE19226FB0}.Debug|x86.ActiveCfg = Debug|Win32
		{74CD1B19-01C9-41CE-BC6F-18DE19226FB0}.Debug|x86.Build.0 = Debug|Win32
		{74CD1B19-01C9-41CE-BC6F-18DE19226FB0}.Release|x64.ActiveCfg = Release|x64
		{74CD1B19-01C9-41CE-BC6F-18DE19226FB0}.Release|x64.Build.0 = Release|x64
		{74CD1B19-01C9-41CE-BC6F-18DE19226FB0}.Release|x86.ActiveCfg = Release|Win32
		{74CD1B19-01C9-41CE-BC6F-18DE19226FB0}.Release|x86.Build.0 = Release|Win32
		{113E04EE-8608-4946-B1DC-7F3801A7C89C}.Debug|x64.ActiveCfg = Debug|x64
		{113E04EE-8608-4946-B1DC-7F3801A7C89C}.Debug|x64.Build.0 = Debug|x64
		{113E04EE-8608-4946-B1DC-7F3801A7C89C}.Debug|x86.ActiveCfg = Debug|Win32
		{113E04EE-8608-4946-B1DC-7F3801A7C89C}.Debug|x86.Build.0 = Debug|Win32
		{113E04EE-8608-4946-B1DC-7F3801A7C89C}.Release|x64.ActiveCfg = Release|x64
		{113E04EE-8608-4946-B1DC-7F3801A7C89C}.Release|x64.Build.0 = Release|x64
		{113E04EE-8608-4946-B1DC-7F3801A7C89C}.Release|x86.ActiveCfg = Release|Win32
		{113E04EE-8608-4946-B1DC-7F3801A7C89C}.Release|x86.Build.0 = Release|Win32
		{79A55135-380C-4255-8721-35DB094764F1}.Debug|x64.ActiveCfg = Debug|x64
		{79A55135-380C-4255-8721-35DB094764F1}.Debug|x64.Build.0 = Debug|x64
		{79A55135-380C-4255-8721-35DB094764F1}.Debug|x86.ActiveCfg = Debug|Win32
		{79A55135-380C-4255-8721-35DB094764F1}.Debug|x86.Build.0 = Debug|Win32
		{79A55135-380C-4255-8721-35DB094764F1}.Release|x64.ActiveCfg = Release|x64
		{79A55135-380C-4255-8721-35DB094764F1}.Release|x64.Build.0 = Release|x64
		{79A55135-380C-4255-8721-35DB094764F1}.Release|x86.ActiveCfg = Release|Win32
		{79A55135-380C-4255-8721-35DB094764F1}.Release|x86.Build.0 = Release|Win32
		{FABB4BEF-902F-4A7F-863E-154D59D35FF9}.Debug|x64.ActiveCfg = Debug|x64
		{FABB4BEF-902F-4A7F-863E-154D59D35FF9}.Debug|x64.Build.0 = Debug|x64
		{FABB4BEF-902F-4A7F-863E-154D59D35FF9}.Debug|x86.ActiveCfg = Debug|Win32
		{FABB4BEF-902F-4A7F-863E-154D59D35FF9}.Debug|x86.Build.0 = Debug|Win32
		{FABB4BEF-902F-4A7F-863E-154D59D35FF9}.Release|x64.ActiveCfg = Release|x64
		{FABB4BEF-902F-4A7F-863E-154D59D35FF9}.Release|x64.Build.0 = Release|x64
		{FABB4BEF-902F-4A7F-863E-154D59D35FF9}.Release|x86.ActiveCfg = Release|Win32
		{FABB4BEF-902F-4A7F-863E-154D59D35FF9}.Release|x86.Build.0 = Release|Win32
		{B9F27244-6E7B-49AA-8D4A-B1FA65296E11}.Debug|x64.ActiveCfg = Debug|x64
		{B9F27244-6E7B-49AA-8D4A-B1FA65296E11}.Debug|x64.Build.0 = Debug|x64
		{B9F27244-6E7B-49AA-8D4A-B1FA65296E11}.Debug|x86.ActiveCfg = Debug|Win32
		{B9F27244-6E7B-49AA-8D4A-B1FA65296E11}.Debug|x86.Build.0 = Debug|Win32
		{B9F27244-6E7B-49AA-8D4A-B1FA65296E11}.Release|x64.ActiveCfg = Release|x64
		{B9F27244-6E7B-49AA-8D4A-B1FA65296E11}.Release|x64.Build.0 = Release|x64
		{B9F27244-6E7B-49AA-8D4A-B1FA65296E11}.Release|x86.ActiveCfg = Release|Win32
		{B9F27244-6E7B-49AA-8D4A-B1FA65296E11}.Release|x86.Build.0 = Release|Win32
		{83D9DD13-BAB0-4261-A0EA-2BBBD181A059}.Debug|x64.ActiveCfg = Debug|x64
		{83D9DD13-BAB0-4261-A0EA-2BBBD181A059}.Debug|x64.Build.0 = Debug|x64
		{83D9DD13-BAB0-4261-A0EA-2BBBD181A059}.Debug|x86.ActiveCfg = Debug|Win32
		{83D9DD13-BAB0-4261-A0EA-2BBBD181A059}.Debug|x86.Build.0 = Debug|Win32
		{83D9DD13-BAB0-4261-A0EA-2BBBD181A059}.Release|x64.ActiveCfg = Release|x64
		{83D9DD13-BAB0-4261-A0EA-2BBBD181A059}.Release|x64.Build.0 = Release|x64
		{83D9DD13-BAB0-4261-A0EA-2BBBD181A059}.Release|x86.ActiveCfg = Release|Win32
		{83D9DD13-BAB0-4261-A0EA-2BBBD181A059}.Release|x86.Build.0 = Release|Win32
		{9E688520-1A9F-49FE-B94C-9FBBF122DF72}.Debug|x64.ActiveCfg = Debug|x64
		{9E688520-1A9F-49FE-B94C-9FBBF122DF72}.Debug|x64.Build.0 = Debug|x64
		{9E688520-1A9F-49FE-B94C-9FBBF122DF72}.Debug|x86.ActiveCfg = Debug|Win32
		{9E688520-1A9F-49FE-B94C-9FBBF122DF72}.Debug|x86.Build.0 = Debug|Win32
		{9E688520-1A9F-49FE-B94C-9FBBF122DF72}.Release|x64.ActiveCfg = Release|x64
		{9E688520-1A9F-49FE-B94C-9FBBF122DF72}.Release|x64.Build.0 = Release|x64
		{9E688520-1A9F-49FE-B94C-9FBBF122DF72}.Release|x86.ActiveCfg = Release|Win32
		{9E688520-1A9F-49FE-B94C-9FBBF122DF72}.Release|x86.Build.0 = Release|Win32
		{2B7ECFA0-4365-4B9B-B405-A8792C827F79}.Debug|x64.ActiveCfg = Debug|x64
		{2B7ECFA0-4365-4B9B-B405-A8792C827F79}.Debug|x64.Build.0 = Debug|x64
		{2B7ECFA0-4365-4B9B-B405-A8792C827F79}.Debug|x86.ActiveCfg = Debug|Win32
		{2B7ECFA0-4365-4B9B-B405-A8792C827F79}.Debug|x86.Build.0 = Debug|Win32
		{2B7ECFA0-4365-4B9B-B405-A8792C827F79}.Release|x64.ActiveCfg = Release|x64
		{2B7ECFA0-4365-4B9B-B405-A8792C827F79}.Release|x64.Build.0 = Release|x64
		{2B7ECFA0-4365-4B9B-B405-A8792C827F79}.Release|x86.ActiveCfg = Release|Win32
		{2B7ECFA0-4365-4B9B-B405-A8792C827F79}.Release|x86.Build.0 = Release|Win32
		{477B2721-73BD-4F6E-AA5D-BA3013B90CA6}.Debug|x64.ActiveCfg = Debug|x64
		{477B2721-73BD-4F6E-AA5D-BA3013B90CA6}.Debug|x64.Build.0 = Debug|x64
		{477B2721-73BD-4F6E-AA5D-BA3013B90CA6}.Debug|x86.ActiveCfg = Debug|Win32
		{477B2721-73BD-4F6E-AA5D-BA3013B90CA6}.Debug|x86.Build.0 = Debug|Win32
		{477B2721-73BD-4F6E-AA5D-BA3013B90CA6}.Release|x64.ActiveCfg = Release|x64
		{477B2721-73BD-4F6E-AA5D-BA3013B90CA6}.Release|x64.Build.0 = Release|x64
		{477B2721-73BD-4F6E-AA5D-BA3013B90CA6}.Release|x86.ActiveCfg = Release|Win32
		{477B2721-73BD-4F6E-AA5D-BA3013B90CA6}.Release|x86.Build.0 = Release|Win32
	EndGlobalSection
	GlobalSection(SolutionProperties) = preSolution
		HideSolutionNode = FALSE
	EndGlobalSection
	GlobalSection(ExtensibilityGlobals) = postSolution
		SolutionGuid = {065B6AA2-CB9F-44A1-BCFC-86E02918D8ED}
	EndGlobalSection
EndGlobal
