
Microsoft Visual Studio Solution File, Format Version 12.00
# Visual Studio Version 17
VisualStudioVersion = 17.8.34525.116
MinimumVisualStudioVersion = 10.0.40219.1
Project("{8BC9CEB8-8B4A-11D0-8D11-00A0C91BC942}") = "Указатели", "Указатели.vcxproj", "{FC875CF6-FC1F-4789-998B-963DA7BFF88F}"
EndProject
Project("{8BC9CEB8-8B4A-11D0-8D11-00A0C91BC942}") = "2 задание", "..\2 задание\2 задание.vcxproj", "{0758B728-C3C8-42D3-8E6F-729624FBC693}"
EndProject
Project("{8BC9CEB8-8B4A-11D0-8D11-00A0C91BC942}") = "3 задание", "..\3 задание\3 задание.vcxproj", "{2805E45B-9787-4993-B533-A264C2086905}"
EndProject
Project("{8BC9CEB8-8B4A-11D0-8D11-00A0C91BC942}") = "4 задание", "..\4 задание\4 задание.vcxproj", "{4E3B7797-8880-4B7E-B516-0FC48C79FE3D}"
EndProject
Project("{8BC9CEB8-8B4A-11D0-8D11-00A0C91BC942}") = "5 задание", "..\5 задание\5 задание.vcxproj", "{F79E46AF-3D83-44EF-872C-5A122D1DF4D4}"
EndProject
Project("{8BC9CEB8-8B4A-11D0-8D11-00A0C91BC942}") = "6 задание", "..\6 задание\6 задание.vcxproj", "{96305C1B-6F30-41D8-8821-531E07BFB2B0}"
EndProject
Project("{8BC9CEB8-8B4A-11D0-8D11-00A0C91BC942}") = "7 задание", "..\7 задание\7 задание.vcxproj", "{164C42B2-996E-4F49-888F-C793E2D835F1}"
EndProject
Project("{8BC9CEB8-8B4A-11D0-8D11-00A0C91BC942}") = "8 задание", "..\8 задание\8 задание.vcxproj", "{7AB8DB91-7BE9-4EB6-BDF4-999804FA49FB}"
EndProject
Project("{8BC9CEB8-8B4A-11D0-8D11-00A0C91BC942}") = "9 задание", "..\9 задание\9 задание.vcxproj", "{E9D2C796-30DF-42A7-BDC6-C62C5FBCC51A}"
EndProject
Project("{8BC9CEB8-8B4A-11D0-8D11-00A0C91BC942}") = "10 задание", "..\10 задание\10 задание.vcxproj", "{22F3D716-28F6-444D-ADE7-4C4E2621A2AB}"
EndProject
Project("{8BC9CEB8-8B4A-11D0-8D11-00A0C91BC942}") = "11 задание", "..\11 задание\11 задание.vcxproj", "{73C27127-68CA-42C5-A050-EC08399254A2}"
EndProject
Project("{8BC9CEB8-8B4A-11D0-8D11-00A0C91BC942}") = "12 задание", "..\12 задание\12 задание.vcxproj", "{7A403CD6-7F35-41D4-83B0-768428A6E878}"
EndProject
Global
	GlobalSection(SolutionConfigurationPlatforms) = preSolution
		Debug|x64 = Debug|x64
		Debug|x86 = Debug|x86
		Release|x64 = Release|x64
		Release|x86 = Release|x86
	EndGlobalSection
	GlobalSection(ProjectConfigurationPlatforms) = postSolution
		{FC875CF6-FC1F-4789-998B-963DA7BFF88F}.Debug|x64.ActiveCfg = Debug|x64
		{FC875CF6-FC1F-4789-998B-963DA7BFF88F}.Debug|x64.Build.0 = Debug|x64
		{FC875CF6-FC1F-4789-998B-963DA7BFF88F}.Debug|x86.ActiveCfg = Debug|Win32
		{FC875CF6-FC1F-4789-998B-963DA7BFF88F}.Debug|x86.Build.0 = Debug|Win32
		{FC875CF6-FC1F-4789-998B-963DA7BFF88F}.Release|x64.ActiveCfg = Release|x64
		{FC875CF6-FC1F-4789-998B-963DA7BFF88F}.Release|x64.Build.0 = Release|x64
		{FC875CF6-FC1F-4789-998B-963DA7BFF88F}.Release|x86.ActiveCfg = Release|Win32
		{FC875CF6-FC1F-4789-998B-963DA7BFF88F}.Release|x86.Build.0 = Release|Win32
		{0758B728-C3C8-42D3-8E6F-729624FBC693}.Debug|x64.ActiveCfg = Debug|x64
		{0758B728-C3C8-42D3-8E6F-729624FBC693}.Debug|x64.Build.0 = Debug|x64
		{0758B728-C3C8-42D3-8E6F-729624FBC693}.Debug|x86.ActiveCfg = Debug|Win32
		{0758B728-C3C8-42D3-8E6F-729624FBC693}.Debug|x86.Build.0 = Debug|Win32
		{0758B728-C3C8-42D3-8E6F-729624FBC693}.Release|x64.ActiveCfg = Release|x64
		{0758B728-C3C8-42D3-8E6F-729624FBC693}.Release|x64.Build.0 = Release|x64
		{0758B728-C3C8-42D3-8E6F-729624FBC693}.Release|x86.ActiveCfg = Release|Win32
		{0758B728-C3C8-42D3-8E6F-729624FBC693}.Release|x86.Build.0 = Release|Win32
		{2805E45B-9787-4993-B533-A264C2086905}.Debug|x64.ActiveCfg = Debug|x64
		{2805E45B-9787-4993-B533-A264C2086905}.Debug|x64.Build.0 = Debug|x64
		{2805E45B-9787-4993-B533-A264C2086905}.Debug|x86.ActiveCfg = Debug|Win32
		{2805E45B-9787-4993-B533-A264C2086905}.Debug|x86.Build.0 = Debug|Win32
		{2805E45B-9787-4993-B533-A264C2086905}.Release|x64.ActiveCfg = Release|x64
		{2805E45B-9787-4993-B533-A264C2086905}.Release|x64.Build.0 = Release|x64
		{2805E45B-9787-4993-B533-A264C2086905}.Release|x86.ActiveCfg = Release|Win32
		{2805E45B-9787-4993-B533-A264C2086905}.Release|x86.Build.0 = Release|Win32
		{4E3B7797-8880-4B7E-B516-0FC48C79FE3D}.Debug|x64.ActiveCfg = Debug|x64
		{4E3B7797-8880-4B7E-B516-0FC48C79FE3D}.Debug|x64.Build.0 = Debug|x64
		{4E3B7797-8880-4B7E-B516-0FC48C79FE3D}.Debug|x86.ActiveCfg = Debug|Win32
		{4E3B7797-8880-4B7E-B516-0FC48C79FE3D}.Debug|x86.Build.0 = Debug|Win32
		{4E3B7797-8880-4B7E-B516-0FC48C79FE3D}.Release|x64.ActiveCfg = Release|x64
		{4E3B7797-8880-4B7E-B516-0FC48C79FE3D}.Release|x64.Build.0 = Release|x64
		{4E3B7797-8880-4B7E-B516-0FC48C79FE3D}.Release|x86.ActiveCfg = Release|Win32
		{4E3B7797-8880-4B7E-B516-0FC48C79FE3D}.Release|x86.Build.0 = Release|Win32
		{F79E46AF-3D83-44EF-872C-5A122D1DF4D4}.Debug|x64.ActiveCfg = Debug|x64
		{F79E46AF-3D83-44EF-872C-5A122D1DF4D4}.Debug|x64.Build.0 = Debug|x64
		{F79E46AF-3D83-44EF-872C-5A122D1DF4D4}.Debug|x86.ActiveCfg = Debug|Win32
		{F79E46AF-3D83-44EF-872C-5A122D1DF4D4}.Debug|x86.Build.0 = Debug|Win32
		{F79E46AF-3D83-44EF-872C-5A122D1DF4D4}.Release|x64.ActiveCfg = Release|x64
		{F79E46AF-3D83-44EF-872C-5A122D1DF4D4}.Release|x64.Build.0 = Release|x64
		{F79E46AF-3D83-44EF-872C-5A122D1DF4D4}.Release|x86.ActiveCfg = Release|Win32
		{F79E46AF-3D83-44EF-872C-5A122D1DF4D4}.Release|x86.Build.0 = Release|Win32
		{96305C1B-6F30-41D8-8821-531E07BFB2B0}.Debug|x64.ActiveCfg = Debug|x64
		{96305C1B-6F30-41D8-8821-531E07BFB2B0}.Debug|x64.Build.0 = Debug|x64
		{96305C1B-6F30-41D8-8821-531E07BFB2B0}.Debug|x86.ActiveCfg = Debug|Win32
		{96305C1B-6F30-41D8-8821-531E07BFB2B0}.Debug|x86.Build.0 = Debug|Win32
		{96305C1B-6F30-41D8-8821-531E07BFB2B0}.Release|x64.ActiveCfg = Release|x64
		{96305C1B-6F30-41D8-8821-531E07BFB2B0}.Release|x64.Build.0 = Release|x64
		{96305C1B-6F30-41D8-8821-531E07BFB2B0}.Release|x86.ActiveCfg = Release|Win32
		{96305C1B-6F30-41D8-8821-531E07BFB2B0}.Release|x86.Build.0 = Release|Win32
		{164C42B2-996E-4F49-888F-C793E2D835F1}.Debug|x64.ActiveCfg = Debug|x64
		{164C42B2-996E-4F49-888F-C793E2D835F1}.Debug|x64.Build.0 = Debug|x64
		{164C42B2-996E-4F49-888F-C793E2D835F1}.Debug|x86.ActiveCfg = Debug|Win32
		{164C42B2-996E-4F49-888F-C793E2D835F1}.Debug|x86.Build.0 = Debug|Win32
		{164C42B2-996E-4F49-888F-C793E2D835F1}.Release|x64.ActiveCfg = Release|x64
		{164C42B2-996E-4F49-888F-C793E2D835F1}.Release|x64.Build.0 = Release|x64
		{164C42B2-996E-4F49-888F-C793E2D835F1}.Release|x86.ActiveCfg = Release|Win32
		{164C42B2-996E-4F49-888F-C793E2D835F1}.Release|x86.Build.0 = Release|Win32
		{7AB8DB91-7BE9-4EB6-BDF4-999804FA49FB}.Debug|x64.ActiveCfg = Debug|x64
		{7AB8DB91-7BE9-4EB6-BDF4-999804FA49FB}.Debug|x64.Build.0 = Debug|x64
		{7AB8DB91-7BE9-4EB6-BDF4-999804FA49FB}.Debug|x86.ActiveCfg = Debug|Win32
		{7AB8DB91-7BE9-4EB6-BDF4-999804FA49FB}.Debug|x86.Build.0 = Debug|Win32
		{7AB8DB91-7BE9-4EB6-BDF4-999804FA49FB}.Release|x64.ActiveCfg = Release|x64
		{7AB8DB91-7BE9-4EB6-BDF4-999804FA49FB}.Release|x64.Build.0 = Release|x64
		{7AB8DB91-7BE9-4EB6-BDF4-999804FA49FB}.Release|x86.ActiveCfg = Release|Win32
		{7AB8DB91-7BE9-4EB6-BDF4-999804FA49FB}.Release|x86.Build.0 = Release|Win32
		{E9D2C796-30DF-42A7-BDC6-C62C5FBCC51A}.Debug|x64.ActiveCfg = Debug|x64
		{E9D2C796-30DF-42A7-BDC6-C62C5FBCC51A}.Debug|x64.Build.0 = Debug|x64
		{E9D2C796-30DF-42A7-BDC6-C62C5FBCC51A}.Debug|x86.ActiveCfg = Debug|Win32
		{E9D2C796-30DF-42A7-BDC6-C62C5FBCC51A}.Debug|x86.Build.0 = Debug|Win32
		{E9D2C796-30DF-42A7-BDC6-C62C5FBCC51A}.Release|x64.ActiveCfg = Release|x64
		{E9D2C796-30DF-42A7-BDC6-C62C5FBCC51A}.Release|x64.Build.0 = Release|x64
		{E9D2C796-30DF-42A7-BDC6-C62C5FBCC51A}.Release|x86.ActiveCfg = Release|Win32
		{E9D2C796-30DF-42A7-BDC6-C62C5FBCC51A}.Release|x86.Build.0 = Release|Win32
		{22F3D716-28F6-444D-ADE7-4C4E2621A2AB}.Debug|x64.ActiveCfg = Debug|x64
		{22F3D716-28F6-444D-ADE7-4C4E2621A2AB}.Debug|x64.Build.0 = Debug|x64
		{22F3D716-28F6-444D-ADE7-4C4E2621A2AB}.Debug|x86.ActiveCfg = Debug|Win32
		{22F3D716-28F6-444D-ADE7-4C4E2621A2AB}.Debug|x86.Build.0 = Debug|Win32
		{22F3D716-28F6-444D-ADE7-4C4E2621A2AB}.Release|x64.ActiveCfg = Release|x64
		{22F3D716-28F6-444D-ADE7-4C4E2621A2AB}.Release|x64.Build.0 = Release|x64
		{22F3D716-28F6-444D-ADE7-4C4E2621A2AB}.Release|x86.ActiveCfg = Release|Win32
		{22F3D716-28F6-444D-ADE7-4C4E2621A2AB}.Release|x86.Build.0 = Release|Win32
		{73C27127-68CA-42C5-A050-EC08399254A2}.Debug|x64.ActiveCfg = Debug|x64
		{73C27127-68CA-42C5-A050-EC08399254A2}.Debug|x64.Build.0 = Debug|x64
		{73C27127-68CA-42C5-A050-EC08399254A2}.Debug|x86.ActiveCfg = Debug|Win32
		{73C27127-68CA-42C5-A050-EC08399254A2}.Debug|x86.Build.0 = Debug|Win32
		{73C27127-68CA-42C5-A050-EC08399254A2}.Release|x64.ActiveCfg = Release|x64
		{73C27127-68CA-42C5-A050-EC08399254A2}.Release|x64.Build.0 = Release|x64
		{73C27127-68CA-42C5-A050-EC08399254A2}.Release|x86.ActiveCfg = Release|Win32
		{73C27127-68CA-42C5-A050-EC08399254A2}.Release|x86.Build.0 = Release|Win32
		{7A403CD6-7F35-41D4-83B0-768428A6E878}.Debug|x64.ActiveCfg = Debug|x64
		{7A403CD6-7F35-41D4-83B0-768428A6E878}.Debug|x64.Build.0 = Debug|x64
		{7A403CD6-7F35-41D4-83B0-768428A6E878}.Debug|x86.ActiveCfg = Debug|Win32
		{7A403CD6-7F35-41D4-83B0-768428A6E878}.Debug|x86.Build.0 = Debug|Win32
		{7A403CD6-7F35-41D4-83B0-768428A6E878}.Release|x64.ActiveCfg = Release|x64
		{7A403CD6-7F35-41D4-83B0-768428A6E878}.Release|x64.Build.0 = Release|x64
		{7A403CD6-7F35-41D4-83B0-768428A6E878}.Release|x86.ActiveCfg = Release|Win32
		{7A403CD6-7F35-41D4-83B0-768428A6E878}.Release|x86.Build.0 = Release|Win32
	EndGlobalSection
	GlobalSection(SolutionProperties) = preSolution
		HideSolutionNode = FALSE
	EndGlobalSection
	GlobalSection(ExtensibilityGlobals) = postSolution
		SolutionGuid = {DB12EE11-4D67-4854-8A28-5B96499DB212}
	EndGlobalSection
EndGlobal
