
Microsoft Visual Studio Solution File, Format Version 12.00
# Visual Studio Version 17
VisualStudioVersion = 17.8.34525.116
MinimumVisualStudioVersion = 10.0.40219.1
Project("{8BC9CEB8-8B4A-11D0-8D11-00A0C91BC942}") = "Структуры", "Структуры.vcxproj", "{1BDCC78D-DAC7-4C76-A8F1-4A5C510F8250}"
EndProject
Project("{8BC9CEB8-8B4A-11D0-8D11-00A0C91BC942}") = "задача 1", "..\задача 1\задача 1.vcxproj", "{0AEBF798-D81D-46BB-84CE-5FD9D348E62B}"
EndProject
Project("{8BC9CEB8-8B4A-11D0-8D11-00A0C91BC942}") = "задача 2", "..\задача 2\задача 2.vcxproj", "{3F505B00-1DB4-4D63-8603-834E637AD0FF}"
EndProject
Project("{8BC9CEB8-8B4A-11D0-8D11-00A0C91BC942}") = "задача 3", "..\задача 3\задача 3.vcxproj", "{72BB1C67-8BEC-4896-AC23-B490DBDE88AA}"
EndProject
Project("{8BC9CEB8-8B4A-11D0-8D11-00A0C91BC942}") = "задача 4", "..\задача 4\задача 4.vcxproj", "{ACF3DD90-C7F4-43CC-82EB-A0BEF242F1D3}"
EndProject
Project("{8BC9CEB8-8B4A-11D0-8D11-00A0C91BC942}") = "задача 5", "..\задача 5\задача 5.vcxproj", "{1F0CDB4B-9A64-4907-9E90-4490AADF2A55}"
EndProject
Project("{8BC9CEB8-8B4A-11D0-8D11-00A0C91BC942}") = "задача 6", "..\задача 6\задача 6.vcxproj", "{F6B7919B-FEBC-41D6-A3E1-A27D72537F58}"
EndProject
Project("{8BC9CEB8-8B4A-11D0-8D11-00A0C91BC942}") = "задача 7", "..\задача 7\задача 7.vcxproj", "{E4F2C795-CBD9-4452-8F4F-59DBF5986C88}"
EndProject
Project("{8BC9CEB8-8B4A-11D0-8D11-00A0C91BC942}") = "задача 8", "..\задача 8\задача 8.vcxproj", "{10DFD5F3-C90F-4889-8B18-DA57FBCF323C}"
EndProject
Project("{8BC9CEB8-8B4A-11D0-8D11-00A0C91BC942}") = "задача 9", "..\задача 9\задача 9.vcxproj", "{34A8BDBC-1633-4A25-A811-06D0B14EB02B}"
EndProject
Project("{8BC9CEB8-8B4A-11D0-8D11-00A0C91BC942}") = "задача 10", "..\задача 10\задача 10.vcxproj", "{D7CDDB68-A10E-4820-BB29-BF2EA03E02B5}"
EndProject
Project("{8BC9CEB8-8B4A-11D0-8D11-00A0C91BC942}") = "задача 11", "..\задача 11\задача 11.vcxproj", "{07051047-EEE0-4B8A-B8B2-EA7102416D6C}"
EndProject
Project("{8BC9CEB8-8B4A-11D0-8D11-00A0C91BC942}") = "задача 12", "..\задача 12\задача 12.vcxproj", "{46C55403-F570-4EA2-B24C-C8BB68B0DB5D}"
EndProject
Global
	GlobalSection(SolutionConfigurationPlatforms) = preSolution
		Debug|x64 = Debug|x64
		Debug|x86 = Debug|x86
		Release|x64 = Release|x64
		Release|x86 = Release|x86
	EndGlobalSection
	GlobalSection(ProjectConfigurationPlatforms) = postSolution
		{1BDCC78D-DAC7-4C76-A8F1-4A5C510F8250}.Debug|x64.ActiveCfg = Debug|x64
		{1BDCC78D-DAC7-4C76-A8F1-4A5C510F8250}.Debug|x64.Build.0 = Debug|x64
		{1BDCC78D-DAC7-4C76-A8F1-4A5C510F8250}.Debug|x86.ActiveCfg = Debug|Win32
		{1BDCC78D-DAC7-4C76-A8F1-4A5C510F8250}.Debug|x86.Build.0 = Debug|Win32
		{1BDCC78D-DAC7-4C76-A8F1-4A5C510F8250}.Release|x64.ActiveCfg = Release|x64
		{1BDCC78D-DAC7-4C76-A8F1-4A5C510F8250}.Release|x64.Build.0 = Release|x64
		{1BDCC78D-DAC7-4C76-A8F1-4A5C510F8250}.Release|x86.ActiveCfg = Release|Win32
		{1BDCC78D-DAC7-4C76-A8F1-4A5C510F8250}.Release|x86.Build.0 = Release|Win32
		{0AEBF798-D81D-46BB-84CE-5FD9D348E62B}.Debug|x64.ActiveCfg = Debug|x64
		{0AEBF798-D81D-46BB-84CE-5FD9D348E62B}.Debug|x64.Build.0 = Debug|x64
		{0AEBF798-D81D-46BB-84CE-5FD9D348E62B}.Debug|x86.ActiveCfg = Debug|Win32
		{0AEBF798-D81D-46BB-84CE-5FD9D348E62B}.Debug|x86.Build.0 = Debug|Win32
		{0AEBF798-D81D-46BB-84CE-5FD9D348E62B}.Release|x64.ActiveCfg = Release|x64
		{0AEBF798-D81D-46BB-84CE-5FD9D348E62B}.Release|x64.Build.0 = Release|x64
		{0AEBF798-D81D-46BB-84CE-5FD9D348E62B}.Release|x86.ActiveCfg = Release|Win32
		{0AEBF798-D81D-46BB-84CE-5FD9D348E62B}.Release|x86.Build.0 = Release|Win32
		{3F505B00-1DB4-4D63-8603-834E637AD0FF}.Debug|x64.ActiveCfg = Debug|x64
		{3F505B00-1DB4-4D63-8603-834E637AD0FF}.Debug|x64.Build.0 = Debug|x64
		{3F505B00-1DB4-4D63-8603-834E637AD0FF}.Debug|x86.ActiveCfg = Debug|Win32
		{3F505B00-1DB4-4D63-8603-834E637AD0FF}.Debug|x86.Build.0 = Debug|Win32
		{3F505B00-1DB4-4D63-8603-834E637AD0FF}.Release|x64.ActiveCfg = Release|x64
		{3F505B00-1DB4-4D63-8603-834E637AD0FF}.Release|x64.Build.0 = Release|x64
		{3F505B00-1DB4-4D63-8603-834E637AD0FF}.Release|x86.ActiveCfg = Release|Win32
		{3F505B00-1DB4-4D63-8603-834E637AD0FF}.Release|x86.Build.0 = Release|Win32
		{72BB1C67-8BEC-4896-AC23-B490DBDE88AA}.Debug|x64.ActiveCfg = Debug|x64
		{72BB1C67-8BEC-4896-AC23-B490DBDE88AA}.Debug|x64.Build.0 = Debug|x64
		{72BB1C67-8BEC-4896-AC23-B490DBDE88AA}.Debug|x86.ActiveCfg = Debug|Win32
		{72BB1C67-8BEC-4896-AC23-B490DBDE88AA}.Debug|x86.Build.0 = Debug|Win32
		{72BB1C67-8BEC-4896-AC23-B490DBDE88AA}.Release|x64.ActiveCfg = Release|x64
		{72BB1C67-8BEC-4896-AC23-B490DBDE88AA}.Release|x64.Build.0 = Release|x64
		{72BB1C67-8BEC-4896-AC23-B490DBDE88AA}.Release|x86.ActiveCfg = Release|Win32
		{72BB1C67-8BEC-4896-AC23-B490DBDE88AA}.Release|x86.Build.0 = Release|Win32
		{ACF3DD90-C7F4-43CC-82EB-A0BEF242F1D3}.Debug|x64.ActiveCfg = Debug|x64
		{ACF3DD90-C7F4-43CC-82EB-A0BEF242F1D3}.Debug|x64.Build.0 = Debug|x64
		{ACF3DD90-C7F4-43CC-82EB-A0BEF242F1D3}.Debug|x86.ActiveCfg = Debug|Win32
		{ACF3DD90-C7F4-43CC-82EB-A0BEF242F1D3}.Debug|x86.Build.0 = Debug|Win32
		{ACF3DD90-C7F4-43CC-82EB-A0BEF242F1D3}.Release|x64.ActiveCfg = Release|x64
		{ACF3DD90-C7F4-43CC-82EB-A0BEF242F1D3}.Release|x64.Build.0 = Release|x64
		{ACF3DD90-C7F4-43CC-82EB-A0BEF242F1D3}.Release|x86.ActiveCfg = Release|Win32
		{ACF3DD90-C7F4-43CC-82EB-A0BEF242F1D3}.Release|x86.Build.0 = Release|Win32
		{1F0CDB4B-9A64-4907-9E90-4490AADF2A55}.Debug|x64.ActiveCfg = Debug|x64
		{1F0CDB4B-9A64-4907-9E90-4490AADF2A55}.Debug|x64.Build.0 = Debug|x64
		{1F0CDB4B-9A64-4907-9E90-4490AADF2A55}.Debug|x86.ActiveCfg = Debug|Win32
		{1F0CDB4B-9A64-4907-9E90-4490AADF2A55}.Debug|x86.Build.0 = Debug|Win32
		{1F0CDB4B-9A64-4907-9E90-4490AADF2A55}.Release|x64.ActiveCfg = Release|x64
		{1F0CDB4B-9A64-4907-9E90-4490AADF2A55}.Release|x64.Build.0 = Release|x64
		{1F0CDB4B-9A64-4907-9E90-4490AADF2A55}.Release|x86.ActiveCfg = Release|Win32
		{1F0CDB4B-9A64-4907-9E90-4490AADF2A55}.Release|x86.Build.0 = Release|Win32
		{F6B7919B-FEBC-41D6-A3E1-A27D72537F58}.Debug|x64.ActiveCfg = Debug|x64
		{F6B7919B-FEBC-41D6-A3E1-A27D72537F58}.Debug|x64.Build.0 = Debug|x64
		{F6B7919B-FEBC-41D6-A3E1-A27D72537F58}.Debug|x86.ActiveCfg = Debug|Win32
		{F6B7919B-FEBC-41D6-A3E1-A27D72537F58}.Debug|x86.Build.0 = Debug|Win32
		{F6B7919B-FEBC-41D6-A3E1-A27D72537F58}.Release|x64.ActiveCfg = Release|x64
		{F6B7919B-FEBC-41D6-A3E1-A27D72537F58}.Release|x64.Build.0 = Release|x64
		{F6B7919B-FEBC-41D6-A3E1-A27D72537F58}.Release|x86.ActiveCfg = Release|Win32
		{F6B7919B-FEBC-41D6-A3E1-A27D72537F58}.Release|x86.Build.0 = Release|Win32
		{E4F2C795-CBD9-4452-8F4F-59DBF5986C88}.Debug|x64.ActiveCfg = Debug|x64
		{E4F2C795-CBD9-4452-8F4F-59DBF5986C88}.Debug|x64.Build.0 = Debug|x64
		{E4F2C795-CBD9-4452-8F4F-59DBF5986C88}.Debug|x86.ActiveCfg = Debug|Win32
		{E4F2C795-CBD9-4452-8F4F-59DBF5986C88}.Debug|x86.Build.0 = Debug|Win32
		{E4F2C795-CBD9-4452-8F4F-59DBF5986C88}.Release|x64.ActiveCfg = Release|x64
		{E4F2C795-CBD9-4452-8F4F-59DBF5986C88}.Release|x64.Build.0 = Release|x64
		{E4F2C795-CBD9-4452-8F4F-59DBF5986C88}.Release|x86.ActiveCfg = Release|Win32
		{E4F2C795-CBD9-4452-8F4F-59DBF5986C88}.Release|x86.Build.0 = Release|Win32
		{10DFD5F3-C90F-4889-8B18-DA57FBCF323C}.Debug|x64.ActiveCfg = Debug|x64
		{10DFD5F3-C90F-4889-8B18-DA57FBCF323C}.Debug|x64.Build.0 = Debug|x64
		{10DFD5F3-C90F-4889-8B18-DA57FBCF323C}.Debug|x86.ActiveCfg = Debug|Win32
		{10DFD5F3-C90F-4889-8B18-DA57FBCF323C}.Debug|x86.Build.0 = Debug|Win32
		{10DFD5F3-C90F-4889-8B18-DA57FBCF323C}.Release|x64.ActiveCfg = Release|x64
		{10DFD5F3-C90F-4889-8B18-DA57FBCF323C}.Release|x64.Build.0 = Release|x64
		{10DFD5F3-C90F-4889-8B18-DA57FBCF323C}.Release|x86.ActiveCfg = Release|Win32
		{10DFD5F3-C90F-4889-8B18-DA57FBCF323C}.Release|x86.Build.0 = Release|Win32
		{34A8BDBC-1633-4A25-A811-06D0B14EB02B}.Debug|x64.ActiveCfg = Debug|x64
		{34A8BDBC-1633-4A25-A811-06D0B14EB02B}.Debug|x64.Build.0 = Debug|x64
		{34A8BDBC-1633-4A25-A811-06D0B14EB02B}.Debug|x86.ActiveCfg = Debug|Win32
		{34A8BDBC-1633-4A25-A811-06D0B14EB02B}.Debug|x86.Build.0 = Debug|Win32
		{34A8BDBC-1633-4A25-A811-06D0B14EB02B}.Release|x64.ActiveCfg = Release|x64
		{34A8BDBC-1633-4A25-A811-06D0B14EB02B}.Release|x64.Build.0 = Release|x64
		{34A8BDBC-1633-4A25-A811-06D0B14EB02B}.Release|x86.ActiveCfg = Release|Win32
		{34A8BDBC-1633-4A25-A811-06D0B14EB02B}.Release|x86.Build.0 = Release|Win32
		{D7CDDB68-A10E-4820-BB29-BF2EA03E02B5}.Debug|x64.ActiveCfg = Debug|x64
		{D7CDDB68-A10E-4820-BB29-BF2EA03E02B5}.Debug|x64.Build.0 = Debug|x64
		{D7CDDB68-A10E-4820-BB29-BF2EA03E02B5}.Debug|x86.ActiveCfg = Debug|Win32
		{D7CDDB68-A10E-4820-BB29-BF2EA03E02B5}.Debug|x86.Build.0 = Debug|Win32
		{D7CDDB68-A10E-4820-BB29-BF2EA03E02B5}.Release|x64.ActiveCfg = Release|x64
		{D7CDDB68-A10E-4820-BB29-BF2EA03E02B5}.Release|x64.Build.0 = Release|x64
		{D7CDDB68-A10E-4820-BB29-BF2EA03E02B5}.Release|x86.ActiveCfg = Release|Win32
		{D7CDDB68-A10E-4820-BB29-BF2EA03E02B5}.Release|x86.Build.0 = Release|Win32
		{07051047-EEE0-4B8A-B8B2-EA7102416D6C}.Debug|x64.ActiveCfg = Debug|x64
		{07051047-EEE0-4B8A-B8B2-EA7102416D6C}.Debug|x64.Build.0 = Debug|x64
		{07051047-EEE0-4B8A-B8B2-EA7102416D6C}.Debug|x86.ActiveCfg = Debug|Win32
		{07051047-EEE0-4B8A-B8B2-EA7102416D6C}.Debug|x86.Build.0 = Debug|Win32
		{07051047-EEE0-4B8A-B8B2-EA7102416D6C}.Release|x64.ActiveCfg = Release|x64
		{07051047-EEE0-4B8A-B8B2-EA7102416D6C}.Release|x64.Build.0 = Release|x64
		{07051047-EEE0-4B8A-B8B2-EA7102416D6C}.Release|x86.ActiveCfg = Release|Win32
		{07051047-EEE0-4B8A-B8B2-EA7102416D6C}.Release|x86.Build.0 = Release|Win32
		{46C55403-F570-4EA2-B24C-C8BB68B0DB5D}.Debug|x64.ActiveCfg = Debug|x64
		{46C55403-F570-4EA2-B24C-C8BB68B0DB5D}.Debug|x64.Build.0 = Debug|x64
		{46C55403-F570-4EA2-B24C-C8BB68B0DB5D}.Debug|x86.ActiveCfg = Debug|Win32
		{46C55403-F570-4EA2-B24C-C8BB68B0DB5D}.Debug|x86.Build.0 = Debug|Win32
		{46C55403-F570-4EA2-B24C-C8BB68B0DB5D}.Release|x64.ActiveCfg = Release|x64
		{46C55403-F570-4EA2-B24C-C8BB68B0DB5D}.Release|x64.Build.0 = Release|x64
		{46C55403-F570-4EA2-B24C-C8BB68B0DB5D}.Release|x86.ActiveCfg = Release|Win32
		{46C55403-F570-4EA2-B24C-C8BB68B0DB5D}.Release|x86.Build.0 = Release|Win32
	EndGlobalSection
	GlobalSection(SolutionProperties) = preSolution
		HideSolutionNode = FALSE
	EndGlobalSection
	GlobalSection(ExtensibilityGlobals) = postSolution
		SolutionGuid = {1179ECD0-F8B4-4889-94CA-50F892452B35}
	EndGlobalSection
EndGlobal
